
Microsoft Visual Studio Solution File, Format Version 12.00
# Visual Studio 15
VisualStudioVersion = 15.0.27130.2027
MinimumVisualStudioVersion = 10.0.40219.1
Project("{FAE04EC0-301F-11D3-BF4B-00C04F79EFBC}") = "LoginForm", "LoginForm\LoginForm.csproj", "{A4E94E7D-54D6-4B25-B62F-CF1F518F5AB2}"
EndProject
Global
	GlobalSection(SolutionConfigurationPlatforms) = preSolution
		Debug|Any CPU = Debug|Any CPU
		Release|Any CPU = Release|Any CPU
	EndGlobalSection
	GlobalSection(ProjectConfigurationPlatforms) = postSolution
		{A4E94E7D-54D6-4B25-B62F-CF1F518F5AB2}.Debug|Any CPU.ActiveCfg = Debug|Any CPU
		{A4E94E7D-54D6-4B25-B62F-CF1F518F5AB2}.Debug|Any CPU.Build.0 = Debug|Any CPU
		{A4E94E7D-54D6-4B25-B62F-CF1F518F5AB2}.Release|Any CPU.ActiveCfg = Release|Any CPU
		{A4E94E7D-54D6-4B25-B62F-CF1F518F5AB2}.Release|Any CPU.Build.0 = Release|Any CPU
	EndGlobalSection
	GlobalSection(SolutionProperties) = preSolution
		HideSolutionNode = FALSE
	EndGlobalSection
	GlobalSection(ExtensibilityGlobals) = postSolution
		SolutionGuid = {E5CC05B6-8F6E-4224-BC58-CE23434FE4D3}
	EndGlobalSection
EndGlobal
